
Microsoft Visual Studio Solution File, Format Version 12.00
# Visual Studio Version 16
VisualStudioVersion = 16.0.32228.343
MinimumVisualStudioVersion = 10.0.40219.1
Project("{FAE04EC0-301F-11D3-BF4B-00C04F79EFBC}") = "MobileExpress", "MobileExpress\MobileExpress.csproj", "{ECA03CB9-1500-4E90-9E58-CE46DF98E378}"
EndProject
Project("{2150E333-8FDC-42A3-9474-1A3956D46DE8}") = "Solution Items", "Solution Items", "{FA8F3159-3AD3-4A2E-B53F-8EFCC26FC0B5}"
	ProjectSection(SolutionItems) = preProject
		.editorconfig = .editorconfig
	EndProjectSection
EndProject
Global
	GlobalSection(SolutionConfigurationPlatforms) = preSolution
		Debug|Any CPU = Debug|Any CPU
		Release|Any CPU = Release|Any CPU
	EndGlobalSection
	GlobalSection(ProjectConfigurationPlatforms) = postSolution
		{ECA03CB9-1500-4E90-9E58-CE46DF98E378}.Debug|Any CPU.ActiveCfg = Debug|Any CPU
		{ECA03CB9-1500-4E90-9E58-CE46DF98E378}.Debug|Any CPU.Build.0 = Debug|Any CPU
		{ECA03CB9-1500-4E90-9E58-CE46DF98E378}.Release|Any CPU.ActiveCfg = Release|Any CPU
		{ECA03CB9-1500-4E90-9E58-CE46DF98E378}.Release|Any CPU.Build.0 = Release|Any CPU
	EndGlobalSection
	GlobalSection(SolutionProperties) = preSolution
		HideSolutionNode = FALSE
	EndGlobalSection
	GlobalSection(ExtensibilityGlobals) = postSolution
		SolutionGuid = {C21D8865-9F54-4575-BE3A-48F0BCD201F8}
	EndGlobalSection
EndGlobal
